// !$*UTF8*$!
{
	archiveVersion = 1;
	classes = {
	};
	objectVersion = 50;
	objects = {

/* Begin PBXBuildFile section */
		4FE619E42814E8F1009FAB07 /* RecCell.swift in Sources */ = {isa = PBXBuildFile; fileRef = 4FE619E32814E8F1009FAB07 /* RecCell.swift */; };
		4FE619E62814E9CF009FAB07 /* RecTVC.swift in Sources */ = {isa = PBXBuildFile; fileRef = 4FE619E52814E9CF009FAB07 /* RecTVC.swift */; };
		6A73BE1E280349480038ADED /* AppDelegate.swift in Sources */ = {isa = PBXBuildFile; fileRef = 6A73BE1D280349480038ADED /* AppDelegate.swift */; };
		6A73BE20280349480038ADED /* SceneDelegate.swift in Sources */ = {isa = PBXBuildFile; fileRef = 6A73BE1F280349480038ADED /* SceneDelegate.swift */; };
		6A73BE22280349480038ADED /* ViewController.swift in Sources */ = {isa = PBXBuildFile; fileRef = 6A73BE21280349480038ADED /* ViewController.swift */; };
		6A73BE25280349480038ADED /* Main.storyboard in Resources */ = {isa = PBXBuildFile; fileRef = 6A73BE23280349480038ADED /* Main.storyboard */; };
		6A73BE272803494A0038ADED /* Assets.xcassets in Resources */ = {isa = PBXBuildFile; fileRef = 6A73BE262803494A0038ADED /* Assets.xcassets */; };
		6A73BE2A2803494A0038ADED /* LaunchScreen.storyboard in Resources */ = {isa = PBXBuildFile; fileRef = 6A73BE282803494A0038ADED /* LaunchScreen.storyboard */; };
		6A9133E3281639DA00C7C2E1 /* FriendsFeedViewController.swift in Sources */ = {isa = PBXBuildFile; fileRef = 6A9133E2281639DA00C7C2E1 /* FriendsFeedViewController.swift */; };
		6A9133E528163A4300C7C2E1 /* FriendsFeedTableViewCell.swift in Sources */ = {isa = PBXBuildFile; fileRef = 6A9133E428163A4300C7C2E1 /* FriendsFeedTableViewCell.swift */; };
/* End PBXBuildFile section */

/* Begin PBXFileReference section */
		4FE619E32814E8F1009FAB07 /* RecCell.swift */ = {isa = PBXFileReference; lastKnownFileType = sourcecode.swift; path = RecCell.swift; sourceTree = "<group>"; };
		4FE619E52814E9CF009FAB07 /* RecTVC.swift */ = {isa = PBXFileReference; lastKnownFileType = sourcecode.swift; path = RecTVC.swift; sourceTree = "<group>"; };
		6A73BE1A280349480038ADED /* U-Travel.app */ = {isa = PBXFileReference; explicitFileType = wrapper.application; includeInIndex = 0; path = "U-Travel.app"; sourceTree = BUILT_PRODUCTS_DIR; };
		6A73BE1D280349480038ADED /* AppDelegate.swift */ = {isa = PBXFileReference; lastKnownFileType = sourcecode.swift; path = AppDelegate.swift; sourceTree = "<group>"; };
		6A73BE1F280349480038ADED /* SceneDelegate.swift */ = {isa = PBXFileReference; lastKnownFileType = sourcecode.swift; path = SceneDelegate.swift; sourceTree = "<group>"; };
		6A73BE21280349480038ADED /* ViewController.swift */ = {isa = PBXFileReference; lastKnownFileType = sourcecode.swift; path = ViewController.swift; sourceTree = "<group>"; };
		6A73BE24280349480038ADED /* Base */ = {isa = PBXFileReference; lastKnownFileType = file.storyboard; name = Base; path = Base.lproj/Main.storyboard; sourceTree = "<group>"; };
		6A73BE262803494A0038ADED /* Assets.xcassets */ = {isa = PBXFileReference; lastKnownFileType = folder.assetcatalog; path = Assets.xcassets; sourceTree = "<group>"; };
		6A73BE292803494A0038ADED /* Base */ = {isa = PBXFileReference; lastKnownFileType = file.storyboard; name = Base; path = Base.lproj/LaunchScreen.storyboard; sourceTree = "<group>"; };
		6A73BE2B2803494A0038ADED /* Info.plist */ = {isa = PBXFileReference; lastKnownFileType = text.plist.xml; path = Info.plist; sourceTree = "<group>"; };
		6A9133E2281639DA00C7C2E1 /* FriendsFeedViewController.swift */ = {isa = PBXFileReference; lastKnownFileType = sourcecode.swift; path = FriendsFeedViewController.swift; sourceTree = "<group>"; };
		6A9133E428163A4300C7C2E1 /* FriendsFeedTableViewCell.swift */ = {isa = PBXFileReference; lastKnownFileType = sourcecode.swift; path = FriendsFeedTableViewCell.swift; sourceTree = "<group>"; };
/* End PBXFileReference section */

/* Begin PBXFrameworksBuildPhase section */
		6A73BE17280349480038ADED /* Frameworks */ = {
			isa = PBXFrameworksBuildPhase;
			buildActionMask = 2147483647;
			files = (
			);
			runOnlyForDeploymentPostprocessing = 0;
		};
/* End PBXFrameworksBuildPhase section */

/* Begin PBXGroup section */
		4FE619E02814E59A009FAB07 /* RecommendationList */ = {
			isa = PBXGroup;
			children = (
				4FE619E32814E8F1009FAB07 /* RecCell.swift */,
				4FE619E52814E9CF009FAB07 /* RecTVC.swift */,
			);
			path = RecommendationList;
			sourceTree = "<group>";
		};
		6A73BE11280349480038ADED = {
			isa = PBXGroup;
			children = (
				6A73BE1C280349480038ADED /* U-Travel */,
				6A73BE1B280349480038ADED /* Products */,
			);
			sourceTree = "<group>";
		};
		6A73BE1B280349480038ADED /* Products */ = {
			isa = PBXGroup;
			children = (
				6A73BE1A280349480038ADED /* U-Travel.app */,
			);
			name = Products;
			sourceTree = "<group>";
		};
		6A73BE1C280349480038ADED /* U-Travel */ = {
			isa = PBXGroup;
			children = (
				6A9133E12816399700C7C2E1 /* FriendsFeed */,
				4FE619E02814E59A009FAB07 /* RecommendationList */,
				6A73BE1D280349480038ADED /* AppDelegate.swift */,
				6A73BE1F280349480038ADED /* SceneDelegate.swift */,
				6A73BE21280349480038ADED /* ViewController.swift */,
				6A73BE23280349480038ADED /* Main.storyboard */,
				6A73BE262803494A0038ADED /* Assets.xcassets */,
				6A73BE282803494A0038ADED /* LaunchScreen.storyboard */,
				6A73BE2B2803494A0038ADED /* Info.plist */,
			);
			path = "U-Travel";
			sourceTree = "<group>";
		};
		6A9133E12816399700C7C2E1 /* FriendsFeed */ = {
			isa = PBXGroup;
			children = (
				6A9133E2281639DA00C7C2E1 /* FriendsFeedViewController.swift */,
				6A9133E428163A4300C7C2E1 /* FriendsFeedTableViewCell.swift */,
			);
			path = FriendsFeed;
			sourceTree = "<group>";
		};
/* End PBXGroup section */

/* Begin PBXNativeTarget section */
		6A73BE19280349480038ADED /* U-Travel */ = {
			isa = PBXNativeTarget;
			buildConfigurationList = 6A73BE2E2803494A0038ADED /* Build configuration list for PBXNativeTarget "U-Travel" */;
			buildPhases = (
				6A73BE16280349480038ADED /* Sources */,
				6A73BE17280349480038ADED /* Frameworks */,
				6A73BE18280349480038ADED /* Resources */,
			);
			buildRules = (
			);
			dependencies = (
			);
			name = "U-Travel";
			productName = "U-Travel";
			productReference = 6A73BE1A280349480038ADED /* U-Travel.app */;
			productType = "com.apple.product-type.application";
		};
/* End PBXNativeTarget section */

/* Begin PBXProject section */
		6A73BE12280349480038ADED /* Project object */ = {
			isa = PBXProject;
			attributes = {
				LastSwiftUpdateCheck = 1320;
				LastUpgradeCheck = 1320;
				TargetAttributes = {
					6A73BE19280349480038ADED = {
						CreatedOnToolsVersion = 13.2.1;
					};
				};
			};
			buildConfigurationList = 6A73BE15280349480038ADED /* Build configuration list for PBXProject "U-Travel" */;
			compatibilityVersion = "Xcode 9.3";
			developmentRegion = en;
			hasScannedForEncodings = 0;
			knownRegions = (
				en,
				Base,
			);
			mainGroup = 6A73BE11280349480038ADED;
			productRefGroup = 6A73BE1B280349480038ADED /* Products */;
			projectDirPath = "";
			projectRoot = "";
			targets = (
				6A73BE19280349480038ADED /* U-Travel */,
			);
		};
/* End PBXProject section */

/* Begin PBXResourcesBuildPhase section */
		6A73BE18280349480038ADED /* Resources */ = {
			isa = PBXResourcesBuildPhase;
			buildActionMask = 2147483647;
			files = (
				6A73BE2A2803494A0038ADED /* LaunchScreen.storyboard in Resources */,
				6A73BE272803494A0038ADED /* Assets.xcassets in Resources */,
				6A73BE25280349480038ADED /* Main.storyboard in Resources */,
			);
			runOnlyForDeploymentPostprocessing = 0;
		};
/* End PBXResourcesBuildPhase section */

/* Begin PBXSourcesBuildPhase section */
		6A73BE16280349480038ADED /* Sources */ = {
			isa = PBXSourcesBuildPhase;
			buildActionMask = 2147483647;
			files = (
				6A9133E3281639DA00C7C2E1 /* FriendsFeedViewController.swift in Sources */,
				6A73BE22280349480038ADED /* ViewController.swift in Sources */,
				4FE619E62814E9CF009FAB07 /* RecTVC.swift in Sources */,
				6A73BE1E280349480038ADED /* AppDelegate.swift in Sources */,
				4FE619E42814E8F1009FAB07 /* RecCell.swift in Sources */,
				6A73BE20280349480038ADED /* SceneDelegate.swift in Sources */,
				6A9133E528163A4300C7C2E1 /* FriendsFeedTableViewCell.swift in Sources */,
			);
			runOnlyForDeploymentPostprocessing = 0;
		};
/* End PBXSourcesBuildPhase section */

/* Begin PBXVariantGroup section */
		6A73BE23280349480038ADED /* Main.storyboard */ = {
			isa = PBXVariantGroup;
			children = (
				6A73BE24280349480038ADED /* Base */,
			);
			name = Main.storyboard;
			sourceTree = "<group>";
		};
		6A73BE282803494A0038ADED /* LaunchScreen.storyboard */ = {
			isa = PBXVariantGroup;
			children = (
				6A73BE292803494A0038ADED /* Base */,
			);
			name = LaunchScreen.storyboard;
			sourceTree = "<group>";
		};
/* End PBXVariantGroup section */

/* Begin XCBuildConfiguration section */
		6A73BE2C2803494A0038ADED /* Debug */ = {
			isa = XCBuildConfiguration;
			buildSettings = {
				ALWAYS_SEARCH_USER_PATHS = NO;
				CLANG_ANALYZER_NONNULL = YES;
				CLANG_ANALYZER_NUMBER_OBJECT_CONVERSION = YES_AGGRESSIVE;
				CLANG_CXX_LANGUAGE_STANDARD = "gnu++17";
				CLANG_CXX_LIBRARY = "libc++";
				CLANG_ENABLE_MODULES = YES;
				CLANG_ENABLE_OBJC_ARC = YES;
				CLANG_ENABLE_OBJC_WEAK = YES;
				CLANG_WARN_BLOCK_CAPTURE_AUTORELEASING = YES;
				CLANG_WARN_BOOL_CONVERSION = YES;
				CLANG_WARN_COMMA = YES;
				CLANG_WARN_CONSTANT_CONVERSION = YES;
				CLANG_WARN_DEPRECATED_OBJC_IMPLEMENTATIONS = YES;
				CLANG_WARN_DIRECT_OBJC_ISA_USAGE = YES_ERROR;
				CLANG_WARN_DOCUMENTATION_COMMENTS = YES;
				CLANG_WARN_EMPTY_BODY = YES;
				CLANG_WARN_ENUM_CONVERSION = YES;
				CLANG_WARN_INFINITE_RECURSION = YES;
				CLANG_WARN_INT_CONVERSION = YES;
				CLANG_WARN_NON_LITERAL_NULL_CONVERSION = YES;
				CLANG_WARN_OBJC_IMPLICIT_RETAIN_SELF = YES;
				CLANG_WARN_OBJC_LITERAL_CONVERSION = YES;
				CLANG_WARN_OBJC_ROOT_CLASS = YES_ERROR;
				CLANG_WARN_QUOTED_INCLUDE_IN_FRAMEWORK_HEADER = YES;
				CLANG_WARN_RANGE_LOOP_ANALYSIS = YES;
				CLANG_WARN_STRICT_PROTOTYPES = YES;
				CLANG_WARN_SUSPICIOUS_MOVE = YES;
				CLANG_WARN_UNGUARDED_AVAILABILITY = YES_AGGRESSIVE;
				CLANG_WARN_UNREACHABLE_CODE = YES;
				CLANG_WARN__DUPLICATE_METHOD_MATCH = YES;
				COPY_PHASE_STRIP = NO;
				DEBUG_INFORMATION_FORMAT = dwarf;
				ENABLE_STRICT_OBJC_MSGSEND = YES;
				ENABLE_TESTABILITY = YES;
				GCC_C_LANGUAGE_STANDARD = gnu11;
				GCC_DYNAMIC_NO_PIC = NO;
				GCC_NO_COMMON_BLOCKS = YES;
				GCC_OPTIMIZATION_LEVEL = 0;
				GCC_PREPROCESSOR_DEFINITIONS = (
					"DEBUG=1",
					"$(inherited)",
				);
				GCC_WARN_64_TO_32_BIT_CONVERSION = YES;
				GCC_WARN_ABOUT_RETURN_TYPE = YES_ERROR;
				GCC_WARN_UNDECLARED_SELECTOR = YES;
				GCC_WARN_UNINITIALIZED_AUTOS = YES_AGGRESSIVE;
				GCC_WARN_UNUSED_FUNCTION = YES;
				GCC_WARN_UNUSED_VARIABLE = YES;
				IPHONEOS_DEPLOYMENT_TARGET = 15.2;
				MTL_ENABLE_DEBUG_INFO = INCLUDE_SOURCE;
				MTL_FAST_MATH = YES;
				ONLY_ACTIVE_ARCH = YES;
				SDKROOT = iphoneos;
				SWIFT_ACTIVE_COMPILATION_CONDITIONS = DEBUG;
				SWIFT_OPTIMIZATION_LEVEL = "-Onone";
			};
			name = Debug;
		};
		6A73BE2D2803494A0038ADED /* Release */ = {
			isa = XCBuildConfiguration;
			buildSettings = {
				ALWAYS_SEARCH_USER_PATHS = NO;
				CLANG_ANALYZER_NONNULL = YES;
				CLANG_ANALYZER_NUMBER_OBJECT_CONVERSION = YES_AGGRESSIVE;
				CLANG_CXX_LANGUAGE_STANDARD = "gnu++17";
				CLANG_CXX_LIBRARY = "libc++";
				CLANG_ENABLE_MODULES = YES;
				CLANG_ENABLE_OBJC_ARC = YES;
				CLANG_ENABLE_OBJC_WEAK = YES;
				CLANG_WARN_BLOCK_CAPTURE_AUTORELEASING = YES;
				CLANG_WARN_BOOL_CONVERSION = YES;
				CLANG_WARN_COMMA = YES;
				CLANG_WARN_CONSTANT_CONVERSION = YES;
				CLANG_WARN_DEPRECATED_OBJC_IMPLEMENTATIONS = YES;
				CLANG_WARN_DIRECT_OBJC_ISA_USAGE = YES_ERROR;
				CLANG_WARN_DOCUMENTATION_COMMENTS = YES;
				CLANG_WARN_EMPTY_BODY = YES;
				CLANG_WARN_ENUM_CONVERSION = YES;
				CLANG_WARN_INFINITE_RECURSION = YES;
				CLANG_WARN_INT_CONVERSION = YES;
				CLANG_WARN_NON_LITERAL_NULL_CONVERSION = YES;
				CLANG_WARN_OBJC_IMPLICIT_RETAIN_SELF = YES;
				CLANG_WARN_OBJC_LITERAL_CONVERSION = YES;
				CLANG_WARN_OBJC_ROOT_CLASS = YES_ERROR;
				CLANG_WARN_QUOTED_INCLUDE_IN_FRAMEWORK_HEADER = YES;
				CLANG_WARN_RANGE_LOOP_ANALYSIS = YES;
				CLANG_WARN_STRICT_PROTOTYPES = YES;
				CLANG_WARN_SUSPICIOUS_MOVE = YES;
				CLANG_WARN_UNGUARDED_AVAILABILITY = YES_AGGRESSIVE;
				CLANG_WARN_UNREACHABLE_CODE = YES;
				CLANG_WARN__DUPLICATE_METHOD_MATCH = YES;
				COPY_PHASE_STRIP = NO;
				DEBUG_INFORMATION_FORMAT = "dwarf-with-dsym";
				ENABLE_NS_ASSERTIONS = NO;
				ENABLE_STRICT_OBJC_MSGSEND = YES;
				GCC_C_LANGUAGE_STANDARD = gnu11;
				GCC_NO_COMMON_BLOCKS = YES;
				GCC_WARN_64_TO_32_BIT_CONVERSION = YES;
				GCC_WARN_ABOUT_RETURN_TYPE = YES_ERROR;
				GCC_WARN_UNDECLARED_SELECTOR = YES;
				GCC_WARN_UNINITIALIZED_AUTOS = YES_AGGRESSIVE;
				GCC_WARN_UNUSED_FUNCTION = YES;
				GCC_WARN_UNUSED_VARIABLE = YES;
				IPHONEOS_DEPLOYMENT_TARGET = 15.2;
				MTL_ENABLE_DEBUG_INFO = NO;
				MTL_FAST_MATH = YES;
				SDKROOT = iphoneos;
				SWIFT_COMPILATION_MODE = wholemodule;
				SWIFT_OPTIMIZATION_LEVEL = "-O";
				VALIDATE_PRODUCT = YES;
			};
			name = Release;
		};
		6A73BE2F2803494A0038ADED /* Debug */ = {
			isa = XCBuildConfiguration;
			buildSettings = {
				ASSETCATALOG_COMPILER_APPICON_NAME = AppIcon;
				ASSETCATALOG_COMPILER_GLOBAL_ACCENT_COLOR_NAME = AccentColor;
				CODE_SIGN_STYLE = Automatic;
				CURRENT_PROJECT_VERSION = 1;
				DEVELOPMENT_TEAM = HGRW8LJPL6;
				GENERATE_INFOPLIST_FILE = YES;
				INFOPLIST_FILE = "U-Travel/Info.plist";
				INFOPLIST_KEY_UIApplicationSupportsIndirectInputEvents = YES;
				INFOPLIST_KEY_UILaunchStoryboardName = LaunchScreen;
				INFOPLIST_KEY_UIMainStoryboardFile = Main;
				INFOPLIST_KEY_UISupportedInterfaceOrientations_iPad = "UIInterfaceOrientationPortrait UIInterfaceOrientationPortraitUpsideDown UIInterfaceOrientationLandscapeLeft UIInterfaceOrientationLandscapeRight";
				INFOPLIST_KEY_UISupportedInterfaceOrientations_iPhone = "UIInterfaceOrientationPortrait UIInterfaceOrientationLandscapeLeft UIInterfaceOrientationLandscapeRight";
				IPHONEOS_DEPLOYMENT_TARGET = 14.5;
				LD_RUNPATH_SEARCH_PATHS = (
					"$(inherited)",
					"@executable_path/Frameworks",
				);
				MARKETING_VERSION = 1.0;
				PRODUCT_BUNDLE_IDENTIFIER = "U-Travel";
				PRODUCT_NAME = "$(TARGET_NAME)";
				SWIFT_EMIT_LOC_STRINGS = YES;
				SWIFT_VERSION = 5.0;
				TARGETED_DEVICE_FAMILY = "1,2";
			};
			name = Debug;
		};
		6A73BE302803494A0038ADED /* Release */ = {
			isa = XCBuildConfiguration;
			buildSettings = {
				ASSETCATALOG_COMPILER_APPICON_NAME = AppIcon;
				ASSETCATALOG_COMPILER_GLOBAL_ACCENT_COLOR_NAME = AccentColor;
				CODE_SIGN_STYLE = Automatic;
				CURRENT_PROJECT_VERSION = 1;
				DEVELOPMENT_TEAM = HGRW8LJPL6;
				GENERATE_INFOPLIST_FILE = YES;
				INFOPLIST_FILE = "U-Travel/Info.plist";
				INFOPLIST_KEY_UIApplicationSupportsIndirectInputEvents = YES;
				INFOPLIST_KEY_UILaunchStoryboardName = LaunchScreen;
				INFOPLIST_KEY_UIMainStoryboardFile = Main;
				INFOPLIST_KEY_UISupportedInterfaceOrientations_iPad = "UIInterfaceOrientationPortrait UIInterfaceOrientationPortraitUpsideDown UIInterfaceOrientationLandscapeLeft UIInterfaceOrientationLandscapeRight";
				INFOPLIST_KEY_UISupportedInterfaceOrientations_iPhone = "UIInterfaceOrientationPortrait UIInterfaceOrientationLandscapeLeft UIInterfaceOrientationLandscapeRight";
				IPHONEOS_DEPLOYMENT_TARGET = 14.5;
				LD_RUNPATH_SEARCH_PATHS = (
					"$(inherited)",
					"@executable_path/Frameworks",
				);
				MARKETING_VERSION = 1.0;
				PRODUCT_BUNDLE_IDENTIFIER = "U-Travel";
				PRODUCT_NAME = "$(TARGET_NAME)";
				SWIFT_EMIT_LOC_STRINGS = YES;
				SWIFT_VERSION = 5.0;
				TARGETED_DEVICE_FAMILY = "1,2";
			};
			name = Release;
		};
/* End XCBuildConfiguration section */

/* Begin XCConfigurationList section */
		6A73BE15280349480038ADED /* Build configuration list for PBXProject "U-Travel" */ = {
			isa = XCConfigurationList;
			buildConfigurations = (
				6A73BE2C2803494A0038ADED /* Debug */,
				6A73BE2D2803494A0038ADED /* Release */,
			);
			defaultConfigurationIsVisible = 0;
			defaultConfigurationName = Release;
		};
		6A73BE2E2803494A0038ADED /* Build configuration list for PBXNativeTarget "U-Travel" */ = {
			isa = XCConfigurationList;
			buildConfigurations = (
				6A73BE2F2803494A0038ADED /* Debug */,
				6A73BE302803494A0038ADED /* Release */,
			);
			defaultConfigurationIsVisible = 0;
			defaultConfigurationName = Release;
		};
/* End XCConfigurationList section */
	};
	rootObject = 6A73BE12280349480038ADED /* Project object */;
}
